
Microsoft Visual Studio Solution File, Format Version 12.00
# Visual Studio Version 17
VisualStudioVersion = 17.3.32929.385
MinimumVisualStudioVersion = 10.0.40219.1
Project("{FAE04EC0-301F-11D3-BF4B-00C04F79EFBC}") = "QuanLyDuAn", "QuanLyDuAn.csproj", "{EC425665-14D6-44EB-A54E-E6E07F08AC3D}"
EndProject
Global
	GlobalSection(SolutionConfigurationPlatforms) = preSolution
		Debug|Any CPU = Debug|Any CPU
		Release|Any CPU = Release|Any CPU
	EndGlobalSection
	GlobalSection(ProjectConfigurationPlatforms) = postSolution
		{EC425665-14D6-44EB-A54E-E6E07F08AC3D}.Debug|Any CPU.ActiveCfg = Debug|Any CPU
		{EC425665-14D6-44EB-A54E-E6E07F08AC3D}.Debug|Any CPU.Build.0 = Debug|Any CPU
		{EC425665-14D6-44EB-A54E-E6E07F08AC3D}.Release|Any CPU.ActiveCfg = Release|Any CPU
		{EC425665-14D6-44EB-A54E-E6E07F08AC3D}.Release|Any CPU.Build.0 = Release|Any CPU
	EndGlobalSection
	GlobalSection(SolutionProperties) = preSolution
		HideSolutionNode = FALSE
	EndGlobalSection
	GlobalSection(ExtensibilityGlobals) = postSolution
		SolutionGuid = {B944DEE6-E7AF-485D-972C-4C5915153DFC}
	EndGlobalSection
EndGlobal
